github.com/suntree99/go-say-hello/v4 v4.0.0 h1:vVrowncl5b+kpyor8CMPLcvvKAYF4tPsReI0AE5RCuo=
github.com/suntree99/go-say-hello/v4 v4.0.0/go.mod h1:BEEv18GlhwuaUPdgsZaQulTD/5vsemVIOce9992pV7w=
github.com/suntree99/go-say-hello/v4 v4.5.0 h1:LTAj9EV6xUjtweMddplFzGCs723nYgFa3lKth7czHls=
github.com/suntree99/go-say-hello/v4 v4.5.0/go.mod h1:BEEv18GlhwuaUPdgsZaQulTD/5vsemVIOce9992pV7w=
